<?xml version="1.0" encoding="utf-8"?>
<Project ToolsVersion="4.0" xmlns="http://schemas.microsoft.com/developer/msbuild/2003">
  <ItemGroup>
    <Filter Include="Source Files">
      <UniqueIdentifier>{4FC737F1-C7A5-4376-A066-2A32D752A2FF}</UniqueIdentifier>
      <Extensions>cpp;c;cc;cxx;def;odl;idl;hpj;bat;asm;asmx</Extensions>
    </Filter>
    <Filter Include="Header Files">
      <UniqueIdentifier>{93995380-89BD-4b04-88EB-625FBE52EBFB}</UniqueIdentifier>
      <Extensions>h;hh;hpp;hxx;hm;inl;inc;xsd</Extensions>
    </Filter>
    <Filter Include="Resource Files">
      <UniqueIdentifier>{67DA6AB6-F800-4c08-8B7A-83BB121AAD01}</UniqueIdentifier>
      <Extensions>rc;ico;cur;bmp;dlg;rc2;rct;bin;rgs;gif;jpg;jpeg;jpe;resx;tiff;tif;png;wav;mfcribbon-ms</Extensions>
    </Filter>
    <Filter Include="Header Files\detail">
      <UniqueIdentifier>{9f316dbd-428b-4c0b-a508-d9b26b033b30}</UniqueIdentifier>
    </Filter>
    <Filter Include="Header Files\utils">
      <UniqueIdentifier>{94f5b254-a287-4b30-a4d2-e9a7b37e14d8}</UniqueIdentifier>
    </Filter>
    <Filter Include="Source Files\detail">
      <UniqueIdentifier>{7484eed0-3a69-485d-b097-99ceb48bb000}</UniqueIdentifier>
    </Filter>
    <Filter Include="Source Files\utils">
      <UniqueIdentifier>{e03f5336-a6fd-4b58-b5fc-cc141984c2aa}</UniqueIdentifier>
    </Filter>
  </ItemGroup>
  <ItemGroup>
    <ClInclude Include="ThreadsafeQueue.h">
      <Filter>Header Files</Filter>
    </ClInclude>
    <ClInclude Include="BitonicSort.h">
      <Filter>Header Files</Filter>
    </ClInclude>
    <ClInclude Include="ubl.h">
      <Filter>Header Files</Filter>
    </ClInclude>
    <ClInclude Include="detail\BitonicSortImpl.h">
      <Filter>Header Files\detail</Filter>
    </ClInclude>
    <ClInclude Include="utils\ElapsedTimer.h">
      <Filter>Header Files\utils</Filter>
    </ClInclude>
    <ClInclude Include="utils\tests_helper.h">
      <Filter>Header Files\utils</Filter>
    </ClInclude>
    <ClInclude Include="utils\VariadicHelpers.h">
      <Filter>Header Files\utils</Filter>
    </ClInclude>
    <ClInclude Include="detail\VariadicHelpersImpl.h">
      <Filter>Header Files\detail</Filter>
    </ClInclude>
    <ClInclude Include="detail\VariantImpl.h">
      <Filter>Header Files\detail</Filter>
    </ClInclude>
    <ClInclude Include="Variant.h">
      <Filter>Header Files</Filter>
    </ClInclude>
    <ClInclude Include="detail\IRamMonitor.h">
      <Filter>Header Files\detail</Filter>
    </ClInclude>
    <ClInclude Include="detail\WindowsRamMonitor.h">
      <Filter>Header Files\detail</Filter>
    </ClInclude>
    <ClInclude Include="ThreadPool.h">
      <Filter>Header Files</Filter>
    </ClInclude>
    <ClInclude Include="ParallelSearch.h">
      <Filter>Header Files</Filter>
    </ClInclude>
    <ClInclude Include="detail\ParallelSearchAsync.h">
      <Filter>Header Files\detail</Filter>
    </ClInclude>
  </ItemGroup>
  <ItemGroup>
    <ClCompile Include="main.cpp">
      <Filter>Source Files</Filter>
    </ClCompile>
    <ClCompile Include="ThreadPool.cpp">
      <Filter>Source Files</Filter>
    </ClCompile>
    <ClCompile Include="utils\ElapsedTimer.cpp">
      <Filter>Source Files\utils</Filter>
    </ClCompile>
    <ClCompile Include="utils\tests_helper.cpp">
      <Filter>Source Files\utils</Filter>
    </ClCompile>
    <ClCompile Include="detail\WindowsRamMonitor.cpp">
      <Filter>Source Files\detail</Filter>
    </ClCompile>
    <ClCompile Include="detail\IRamMonitor.cpp">
      <Filter>Source Files\detail</Filter>
    </ClCompile>
  </ItemGroup>
</Project>